
Microsoft Visual Studio Solution File, Format Version 12.00
# Visual Studio Version 16
VisualStudioVersion = 16.0.29926.136
MinimumVisualStudioVersion = 10.0.40219.1
Project("{9A19103F-16F7-4668-BE54-9A1E7A4F7556}") = "WebApplication4", "WebApplication4\WebApplication4.csproj", "{C908FDC6-8BA3-4F86-AC9E-D8E16D4FCE2C}"
EndProject
Global
	GlobalSection(SolutionConfigurationPlatforms) = preSolution
		Debug|Any CPU = Debug|Any CPU
		Release|Any CPU = Release|Any CPU
	EndGlobalSection
	GlobalSection(ProjectConfigurationPlatforms) = postSolution
		{C908FDC6-8BA3-4F86-AC9E-D8E16D4FCE2C}.Debug|Any CPU.ActiveCfg = Debug|Any CPU
		{C908FDC6-8BA3-4F86-AC9E-D8E16D4FCE2C}.Debug|Any CPU.Build.0 = Debug|Any CPU
		{C908FDC6-8BA3-4F86-AC9E-D8E16D4FCE2C}.Release|Any CPU.ActiveCfg = Release|Any CPU
		{C908FDC6-8BA3-4F86-AC9E-D8E16D4FCE2C}.Release|Any CPU.Build.0 = Release|Any CPU
	EndGlobalSection
	GlobalSection(SolutionProperties) = preSolution
		HideSolutionNode = FALSE
	EndGlobalSection
	GlobalSection(ExtensibilityGlobals) = postSolution
		SolutionGuid = {AAA1849A-E73D-4996-8749-5EFF0147CDC7}
	EndGlobalSection
EndGlobal
